
Microsoft Visual Studio Solution File, Format Version 12.00
# Visual Studio Version 16
VisualStudioVersion = 16.0.34301.259
MinimumVisualStudioVersion = 10.0.40219.1
Project("{9A19103F-16F7-4668-BE54-9A1E7A4F7556}") = "BinaryStudio.Modeling.UnifiedModelingLanguage", "src\dotnet\libraries\BinaryStudio.Modeling.UnifiedModelingLanguage\BinaryStudio.Modeling.UnifiedModelingLanguage.csproj", "{912D8884-D355-4F8E-B623-46BA15FA8FB5}"
EndProject
Project("{9A19103F-16F7-4668-BE54-9A1E7A4F7556}") = "pre", "src\dotnet\pre\pre.csproj", "{442FE488-3E9F-433B-949A-37824C9873D6}"
EndProject
Project("{FAE04EC0-301F-11D3-BF4B-00C04F79EFBC}") = "BinaryStudio.Modeling.MetadataInterchange", "src\dotnet\libraries\BinaryStudio.Modeling.MetadataInterchange\BinaryStudio.Modeling.MetadataInterchange.csproj", "{328E2FC4-F22D-4765-B764-3350E9F811AD}"
EndProject
Project("{FAE04EC0-301F-11D3-BF4B-00C04F79EFBC}") = "xmi", "src\dotnet\xmi\xmi.csproj", "{1F18C8BA-92D5-40C9-8C6D-9FDA9D61D7C6}"
EndProject
Global
	GlobalSection(SolutionConfigurationPlatforms) = preSolution
		Debug|Any CPU = Debug|Any CPU
		Release|Any CPU = Release|Any CPU
	EndGlobalSection
	GlobalSection(ProjectConfigurationPlatforms) = postSolution
		{912D8884-D355-4F8E-B623-46BA15FA8FB5}.Debug|Any CPU.ActiveCfg = Debug|Any CPU
		{912D8884-D355-4F8E-B623-46BA15FA8FB5}.Debug|Any CPU.Build.0 = Debug|Any CPU
		{912D8884-D355-4F8E-B623-46BA15FA8FB5}.Release|Any CPU.ActiveCfg = Release|Any CPU
		{912D8884-D355-4F8E-B623-46BA15FA8FB5}.Release|Any CPU.Build.0 = Release|Any CPU
		{442FE488-3E9F-433B-949A-37824C9873D6}.Debug|Any CPU.ActiveCfg = Debug|Any CPU
		{442FE488-3E9F-433B-949A-37824C9873D6}.Debug|Any CPU.Build.0 = Debug|Any CPU
		{442FE488-3E9F-433B-949A-37824C9873D6}.Release|Any CPU.ActiveCfg = Release|Any CPU
		{442FE488-3E9F-433B-949A-37824C9873D6}.Release|Any CPU.Build.0 = Release|Any CPU
		{328E2FC4-F22D-4765-B764-3350E9F811AD}.Debug|Any CPU.ActiveCfg = Debug|Any CPU
		{328E2FC4-F22D-4765-B764-3350E9F811AD}.Debug|Any CPU.Build.0 = Debug|Any CPU
		{328E2FC4-F22D-4765-B764-3350E9F811AD}.Release|Any CPU.ActiveCfg = Release|Any CPU
		{328E2FC4-F22D-4765-B764-3350E9F811AD}.Release|Any CPU.Build.0 = Release|Any CPU
		{1F18C8BA-92D5-40C9-8C6D-9FDA9D61D7C6}.Debug|Any CPU.ActiveCfg = Debug|Any CPU
		{1F18C8BA-92D5-40C9-8C6D-9FDA9D61D7C6}.Debug|Any CPU.Build.0 = Debug|Any CPU
		{1F18C8BA-92D5-40C9-8C6D-9FDA9D61D7C6}.Release|Any CPU.ActiveCfg = Release|Any CPU
		{1F18C8BA-92D5-40C9-8C6D-9FDA9D61D7C6}.Release|Any CPU.Build.0 = Release|Any CPU
	EndGlobalSection
	GlobalSection(SolutionProperties) = preSolution
		HideSolutionNode = FALSE
	EndGlobalSection
	GlobalSection(ExtensibilityGlobals) = postSolution
		SolutionGuid = {A83DE40C-E97B-4942-AA01-FD7D2C2251B8}
	EndGlobalSection
EndGlobal
