
Microsoft Visual Studio Solution File, Format Version 12.00
# Visual Studio Version 16
VisualStudioVersion = 16.0.34301.259
MinimumVisualStudioVersion = 10.0.40219.1
Project("{9A19103F-16F7-4668-BE54-9A1E7A4F7556}") = "BinaryStudio.Modeling.UnifiedModelingLanguage", "src\dotnet\libraries\BinaryStudio.Modeling.UnifiedModelingLanguage\BinaryStudio.Modeling.UnifiedModelingLanguage.csproj", "{912D8884-D355-4F8E-B623-46BA15FA8FB5}"
EndProject
Project("{9A19103F-16F7-4668-BE54-9A1E7A4F7556}") = "pre", "src\dotnet\pre\pre.csproj", "{442FE488-3E9F-433B-949A-37824C9873D6}"
EndProject
Project("{9A19103F-16F7-4668-BE54-9A1E7A4F7556}") = "BinaryStudio.Modeling.MetadataInterchange", "src\dotnet\libraries\BinaryStudio.Modeling.MetadataInterchange\BinaryStudio.Modeling.MetadataInterchange.csproj", "{328E2FC4-F22D-4765-B764-3350E9F811AD}"
EndProject
Project("{9A19103F-16F7-4668-BE54-9A1E7A4F7556}") = "xmi", "src\dotnet\xmi\xmi.csproj", "{1F18C8BA-92D5-40C9-8C6D-9FDA9D61D7C6}"
EndProject
Project("{9A19103F-16F7-4668-BE54-9A1E7A4F7556}") = "BinaryStudio.Modeling.Petal", "src\dotnet\libraries\BinaryStudio.Modeling.Petal\BinaryStudio.Modeling.Petal.csproj", "{3A13B71D-DBEC-4AE4-9E6C-2ACFC821EFD2}"
EndProject
Project("{9A19103F-16F7-4668-BE54-9A1E7A4F7556}") = "BinaryStudio.Modeling.UnifiedModelingLanguage.Infrastructure", "src\dotnet\libraries\BinaryStudio.Modeling.UnifiedModelingLanguage.Infrastructure\BinaryStudio.Modeling.UnifiedModelingLanguage.Infrastructure.csproj", "{AEAFD8C8-EC75-4ACA-BF35-375805D7428C}"
EndProject
Project("{FAE04EC0-301F-11D3-BF4B-00C04F79EFBC}") = "mdl", "src\dotnet\mdl\mdl.csproj", "{8FD6D64E-DC8C-4D10-8289-E5EC808B0FA3}"
EndProject
Project("{FAE04EC0-301F-11D3-BF4B-00C04F79EFBC}") = "BinaryStudio.DirectoryServices", "src\dotnet\libraries\BinaryStudio.DirectoryServices\BinaryStudio.DirectoryServices.csproj", "{41620D93-D7CB-47CA-9ECD-39794C19B617}"
EndProject
Global
	GlobalSection(SolutionConfigurationPlatforms) = preSolution
		Debug|Any CPU = Debug|Any CPU
		Release|Any CPU = Release|Any CPU
	EndGlobalSection
	GlobalSection(ProjectConfigurationPlatforms) = postSolution
		{912D8884-D355-4F8E-B623-46BA15FA8FB5}.Debug|Any CPU.ActiveCfg = Debug|Any CPU
		{912D8884-D355-4F8E-B623-46BA15FA8FB5}.Debug|Any CPU.Build.0 = Debug|Any CPU
		{912D8884-D355-4F8E-B623-46BA15FA8FB5}.Release|Any CPU.ActiveCfg = Release|Any CPU
		{912D8884-D355-4F8E-B623-46BA15FA8FB5}.Release|Any CPU.Build.0 = Release|Any CPU
		{442FE488-3E9F-433B-949A-37824C9873D6}.Debug|Any CPU.ActiveCfg = Debug|Any CPU
		{442FE488-3E9F-433B-949A-37824C9873D6}.Debug|Any CPU.Build.0 = Debug|Any CPU
		{442FE488-3E9F-433B-949A-37824C9873D6}.Release|Any CPU.ActiveCfg = Release|Any CPU
		{442FE488-3E9F-433B-949A-37824C9873D6}.Release|Any CPU.Build.0 = Release|Any CPU
		{328E2FC4-F22D-4765-B764-3350E9F811AD}.Debug|Any CPU.ActiveCfg = Debug|Any CPU
		{328E2FC4-F22D-4765-B764-3350E9F811AD}.Debug|Any CPU.Build.0 = Debug|Any CPU
		{328E2FC4-F22D-4765-B764-3350E9F811AD}.Release|Any CPU.ActiveCfg = Release|Any CPU
		{328E2FC4-F22D-4765-B764-3350E9F811AD}.Release|Any CPU.Build.0 = Release|Any CPU
		{1F18C8BA-92D5-40C9-8C6D-9FDA9D61D7C6}.Debug|Any CPU.ActiveCfg = Debug|Any CPU
		{1F18C8BA-92D5-40C9-8C6D-9FDA9D61D7C6}.Debug|Any CPU.Build.0 = Debug|Any CPU
		{1F18C8BA-92D5-40C9-8C6D-9FDA9D61D7C6}.Release|Any CPU.ActiveCfg = Release|Any CPU
		{1F18C8BA-92D5-40C9-8C6D-9FDA9D61D7C6}.Release|Any CPU.Build.0 = Release|Any CPU
		{3A13B71D-DBEC-4AE4-9E6C-2ACFC821EFD2}.Debug|Any CPU.ActiveCfg = Debug|Any CPU
		{3A13B71D-DBEC-4AE4-9E6C-2ACFC821EFD2}.Debug|Any CPU.Build.0 = Debug|Any CPU
		{3A13B71D-DBEC-4AE4-9E6C-2ACFC821EFD2}.Release|Any CPU.ActiveCfg = Release|Any CPU
		{3A13B71D-DBEC-4AE4-9E6C-2ACFC821EFD2}.Release|Any CPU.Build.0 = Release|Any CPU
		{AEAFD8C8-EC75-4ACA-BF35-375805D7428C}.Debug|Any CPU.ActiveCfg = Debug|Any CPU
		{AEAFD8C8-EC75-4ACA-BF35-375805D7428C}.Debug|Any CPU.Build.0 = Debug|Any CPU
		{AEAFD8C8-EC75-4ACA-BF35-375805D7428C}.Release|Any CPU.ActiveCfg = Release|Any CPU
		{AEAFD8C8-EC75-4ACA-BF35-375805D7428C}.Release|Any CPU.Build.0 = Release|Any CPU
		{8FD6D64E-DC8C-4D10-8289-E5EC808B0FA3}.Debug|Any CPU.ActiveCfg = Debug|Any CPU
		{8FD6D64E-DC8C-4D10-8289-E5EC808B0FA3}.Debug|Any CPU.Build.0 = Debug|Any CPU
		{8FD6D64E-DC8C-4D10-8289-E5EC808B0FA3}.Release|Any CPU.ActiveCfg = Release|Any CPU
		{8FD6D64E-DC8C-4D10-8289-E5EC808B0FA3}.Release|Any CPU.Build.0 = Release|Any CPU
		{41620D93-D7CB-47CA-9ECD-39794C19B617}.Debug|Any CPU.ActiveCfg = Debug|Any CPU
		{41620D93-D7CB-47CA-9ECD-39794C19B617}.Debug|Any CPU.Build.0 = Debug|Any CPU
		{41620D93-D7CB-47CA-9ECD-39794C19B617}.Release|Any CPU.ActiveCfg = Release|Any CPU
		{41620D93-D7CB-47CA-9ECD-39794C19B617}.Release|Any CPU.Build.0 = Release|Any CPU
	EndGlobalSection
	GlobalSection(SolutionProperties) = preSolution
		HideSolutionNode = FALSE
	EndGlobalSection
	GlobalSection(ExtensibilityGlobals) = postSolution
		SolutionGuid = {A83DE40C-E97B-4942-AA01-FD7D2C2251B8}
	EndGlobalSection
EndGlobal
